dependencies:
  '@types/node': 13.13.5
  '@types/spdy': 3.4.4
  node-fetch: 2.6.0
devDependencies:
  '@microsoft/api-extractor': 7.8.0
  '@types/ws': 7.2.4
  fetch-h2: 2.4.5
  open: 7.0.3
  prettier: 2.0.5
  spdy: 4.0.2
  tslib: 1.11.2
  typescript: 3.8.3
  ws: 7.2.5
lockfileVersion: 5.1
packages:
  /@microsoft/api-extractor-model/7.8.0:
    dependencies:
      '@microsoft/tsdoc': 0.12.19
      '@rushstack/node-core-library': 3.19.7
    dev: true
    resolution:
      integrity: sha1-X1MpmPARCfI9V7QigDu99a1lXYA=
      tarball: '@microsoft/api-extractor-model/download/@microsoft/api-extractor-model-7.8.0.tgz'
  /@microsoft/api-extractor/7.8.0:
    dependencies:
      '@microsoft/api-extractor-model': 7.8.0
      '@microsoft/tsdoc': 0.12.19
      '@rushstack/node-core-library': 3.19.7
      '@rushstack/ts-command-line': 4.3.14
      colors: 1.2.5
      lodash: 4.17.15
      resolve: 1.8.1
      source-map: 0.6.1
      typescript: 3.7.5
    dev: true
    hasBin: true
    resolution:
      integrity: sha1-/qaOTyHBvxgCBWD9VyixX+RPCXY=
      tarball: '@microsoft/api-extractor/download/@microsoft/api-extractor-7.8.0.tgz'
  /@microsoft/tsdoc/0.12.19:
    dev: true
    resolution:
      integrity: sha1-IXPMuSRpqvYgMfqUmdIbFtB/m1c=
      tarball: '@microsoft/tsdoc/download/@microsoft/tsdoc-0.12.19.tgz'
  /@rushstack/node-core-library/3.19.7:
    dependencies:
      '@types/node': 10.17.13
      colors: 1.2.5
      fs-extra: 7.0.1
      jju: 1.4.0
      semver: 5.3.0
      timsort: 0.3.0
      z-schema: 3.18.4
    dev: true
    resolution:
      integrity: sha1-jYoZP9b5lTbJLdeXq1D9X8t2MOo=
      tarball: '@rushstack/node-core-library/download/@rushstack/node-core-library-3.19.7.tgz'
  /@rushstack/ts-command-line/4.3.14:
    dependencies:
      '@types/argparse': 1.0.33
      argparse: 1.0.10
      colors: 1.2.5
    dev: true
    resolution:
      integrity: sha1-XXpDfU6cVk/xuOh2IV/KlsdIWKE=
      tarball: '@rushstack/ts-command-line/download/@rushstack/ts-command-line-4.3.14.tgz'
  /@types/argparse/1.0.33:
    dev: true
    resolution:
      integrity: sha1-JyhmlCfN10qZ5TyfRXyihmo3xS0=
      tarball: '@types/argparse/download/@types/argparse-1.0.33.tgz'
  /@types/node/10.17.13:
    dev: true
    resolution:
      integrity: sha1-zOvNuZC9YTnNFuhMOdwvsQI8qQw=
      tarball: '@types/node/download/@types/node-10.17.13.tgz?cache=0&other_urls=https%3A%2F%2Fregistry.npm.taobao.org%2F%40types%2Fnode%2Fdownload%2F%40types%2Fnode-10.17.13.tgz'
  /@types/node/13.13.5:
    resolution:
      integrity: sha1-luw7Cvr9ZKTM6pEHt1v4SJ8OV2U=
      tarball: '@types/node/download/@types/node-13.13.5.tgz?cache=0&other_urls=https%3A%2F%2Fregistry.npm.taobao.org%2F%40types%2Fnode%2Fdownload%2F%40types%2Fnode-13.13.5.tgz'
  /@types/spdy/3.4.4:
    dependencies:
      '@types/node': 13.13.5
    dev: false
    resolution:
      integrity: sha1-MoL9StjEYDqkn3AX3VIKCKNFsrw=
      tarball: '@types/spdy/download/@types/spdy-3.4.4.tgz'
  /@types/tough-cookie/2.3.7:
    dev: true
    resolution:
      integrity: sha1-l5Q0tZAPnXEPXU4VxGbK246f3Ec=
      tarball: '@types/tough-cookie/download/@types/tough-cookie-2.3.7.tgz'
  /@types/ws/7.2.4:
    dependencies:
      '@types/node': 13.13.5
    dev: true
    resolution:
      integrity: sha1-s4Wfe5wkOyIO+slxbsQscWpylp0=
      tarball: '@types/ws/download/@types/ws-7.2.4.tgz'
  /already/1.12.0:
    dependencies:
      throat: 5.0.0
    dev: true
    resolution:
      integrity: sha1-UPY+1GGmK+XdN9BXlXZr8OaF88Y=
      tarball: already/download/already-1.12.0.tgz
  /argparse/1.0.10:
    dependencies:
      sprintf-js: 1.0.3
    dev: true
    resolution:
      integrity: sha1-vNZ5HqWuCXJeF+WtmIE0zUCz2RE=
      tarball: argparse/download/argparse-1.0.10.tgz
  /callguard/1.2.1:
    dev: true
    resolution:
      integrity: sha1-PY3y6pHJRqvxxDt9ar3iPTrs/bs=
      tarball: callguard/download/callguard-1.2.1.tgz
  /colors/1.2.5:
    dev: true
    engines:
      node: '>=0.1.90'
    resolution:
      integrity: sha1-icetmjdLwDDfgBMkH2gTbtiDWvw=
      tarball: colors/download/colors-1.2.5.tgz
  /commander/2.20.3:
    dev: true
    optional: true
    resolution:
      integrity: sha1-/UhehMA+tIgcIHIrpIA16FMa6zM=
      tarball: commander/download/commander-2.20.3.tgz
  /core-util-is/1.0.2:
    dev: true
    resolution:
      integrity: sha1-tf1UIgqivFq1eqtxQMlAdUUDwac=
      tarball: core-util-is/download/core-util-is-1.0.2.tgz
  /debug/4.1.1:
    dependencies:
      ms: 2.1.2
    dev: true
    resolution:
      integrity: sha1-O3ImAlUQnGtYnO4FDx1RYTlmR5E=
      tarball: debug/download/debug-4.1.1.tgz
  /detect-node/2.0.4:
    dev: true
    resolution:
      integrity: sha1-AU7o+PZpxcWAI9pkuBecCDooxGw=
      tarball: detect-node/download/detect-node-2.0.4.tgz
  /end-of-stream/1.4.4:
    dependencies:
      once: 1.4.0
    dev: true
    resolution:
      integrity: sha1-WuZKX0UFe682JuwU2gyl5LJDHrA=
      tarball: end-of-stream/download/end-of-stream-1.4.4.tgz
  /fetch-h2/2.4.5:
    dependencies:
      '@types/tough-cookie': 2.3.7
      already: 1.12.0
      callguard: 1.2.1
      get-stream: 5.1.0
      through2: 3.0.1
      to-arraybuffer: 1.0.1
      tough-cookie: 3.0.1
    dev: true
    engines:
      node: '>=10.4'
    resolution:
      integrity: sha1-rszR1H4NCUKwR3+FfSfEXUy7Zhw=
      tarball: fetch-h2/download/fetch-h2-2.4.5.tgz
  /fs-extra/7.0.1:
    dependencies:
      graceful-fs: 4.2.4
      jsonfile: 4.0.0
      universalify: 0.1.2
    dev: true
    engines:
      node: '>=6 <7 || >=8'
    resolution:
      integrity: sha1-TxicRKoSO4lfcigE9V6iPq3DSOk=
      tarball: fs-extra/download/fs-extra-7.0.1.tgz
  /get-stream/5.1.0:
    dependencies:
      pump: 3.0.0
    dev: true
    engines:
      node: '>=8'
    resolution:
      integrity: sha1-ASA83JJZf5uQkGfD5lbMH008Tck=
      tarball: get-stream/download/get-stream-5.1.0.tgz
  /graceful-fs/4.2.4:
    dev: true
    resolution:
      integrity: sha1-Ila94U02MpWMRl68ltxGfKB6Kfs=
      tarball: graceful-fs/download/graceful-fs-4.2.4.tgz?cache=0&sync_timestamp=1588086876757&other_urls=https%3A%2F%2Fregistry.npm.taobao.org%2Fgraceful-fs%2Fdownload%2Fgraceful-fs-4.2.4.tgz
  /handle-thing/2.0.1:
    dev: true
    resolution:
      integrity: sha1-hX95zjWVgMNA1DCBzGSJcNC7I04=
      tarball: handle-thing/download/handle-thing-2.0.1.tgz
  /hpack.js/2.1.6:
    dependencies:
      inherits: 2.0.4
      obuf: 1.1.2
      readable-stream: 2.3.7
      wbuf: 1.7.3
    dev: true
    resolution:
      integrity: sha1-h3dMCUnlE/QuhFdbPEVoH63ioLI=
      tarball: hpack.js/download/hpack.js-2.1.6.tgz
  /http-deceiver/1.2.7:
    dev: true
    resolution:
      integrity: sha1-+nFolEq5pRnTN8sL7HKE3D5yPYc=
      tarball: http-deceiver/download/http-deceiver-1.2.7.tgz
  /inherits/2.0.4:
    dev: true
    resolution:
      integrity: sha1-D6LGT5MpF8NDOg3tVTY6rjdBa3w=
      tarball: inherits/download/inherits-2.0.4.tgz
  /ip-regex/2.1.0:
    dev: true
    engines:
      node: '>=4'
    resolution:
      integrity: sha1-+ni/XS5pE8kRzp+BnuUUa7bYROk=
      tarball: ip-regex/download/ip-regex-2.1.0.tgz
  /is-docker/2.0.0:
    dev: true
    engines:
      node: '>=8'
    resolution:
      integrity: sha1-LLDfDnXi0GT+GGTDfN6st7Lc8ls=
      tarball: is-docker/download/is-docker-2.0.0.tgz?cache=0&sync_timestamp=1588494459550&other_urls=https%3A%2F%2Fregistry.npm.taobao.org%2Fis-docker%2Fdownload%2Fis-docker-2.0.0.tgz
  /is-wsl/2.2.0:
    dependencies:
      is-docker: 2.0.0
    dev: true
    engines:
      node: '>=8'
    resolution:
      integrity: sha1-dKTHbnfKn9P5MvKQwX6jJs0VcnE=
      tarball: is-wsl/download/is-wsl-2.2.0.tgz?cache=0&sync_timestamp=1588494389319&other_urls=https%3A%2F%2Fregistry.npm.taobao.org%2Fis-wsl%2Fdownload%2Fis-wsl-2.2.0.tgz
  /isarray/1.0.0:
    dev: true
    resolution:
      integrity: sha1-u5NdSFgsuhaMBoNJV6VKPgcSTxE=
      tarball: isarray/download/isarray-1.0.0.tgz
  /jju/1.4.0:
    dev: true
    resolution:
      integrity: sha1-o6vicYryQaKykE+EpiWXDzia4yo=
      tarball: jju/download/jju-1.4.0.tgz
  /jsonfile/4.0.0:
    dev: true
    optionalDependencies:
      graceful-fs: 4.2.4
    resolution:
      integrity: sha1-h3Gq4HmbZAdrdmQPygWPnBDjPss=
      tarball: jsonfile/download/jsonfile-4.0.0.tgz
  /lodash.get/4.4.2:
    dev: true
    resolution:
      integrity: sha1-LRd/ZS+jHpObRDjVNBSZ36OCXpk=
      tarball: lodash.get/download/lodash.get-4.4.2.tgz?cache=0&other_urls=https%3A%2F%2Fregistry.npm.taobao.org%2Flodash.get%2Fdownload%2Flodash.get-4.4.2.tgz
  /lodash.isequal/4.5.0:
    dev: true
    resolution:
      integrity: sha1-QVxEePK8wwEgwizhDtMib30+GOA=
      tarball: lodash.isequal/download/lodash.isequal-4.5.0.tgz
  /lodash/4.17.15:
    dev: true
    resolution:
      integrity: sha1-tEf2ZwoEVbv+7dETku/zMOoJdUg=
      tarball: lodash/download/lodash-4.17.15.tgz
  /minimalistic-assert/1.0.1:
    dev: true
    resolution:
      integrity: sha1-LhlN4ERibUoQ5/f7wAznPoPk1cc=
      tarball: minimalistic-assert/download/minimalistic-assert-1.0.1.tgz
  /ms/2.1.2:
    dev: true
    resolution:
      integrity: sha1-0J0fNXtEP0kzgqjrPM0YOHKuYAk=
      tarball: ms/download/ms-2.1.2.tgz
  /node-fetch/2.6.0:
    dev: false
    engines:
      node: 4.x || >=6.0.0
    resolution:
      integrity: sha1-5jNFY4bUqlWGP2dqerDaqP3ssP0=
      tarball: node-fetch/download/node-fetch-2.6.0.tgz
  /obuf/1.1.2:
    dev: true
    resolution:
      integrity: sha1-Cb6jND1BhZ69RGKS0RydTbYZCE4=
      tarball: obuf/download/obuf-1.1.2.tgz
  /once/1.4.0:
    dependencies:
      wrappy: 1.0.2
    dev: true
    resolution:
      integrity: sha1-WDsap3WWHUsROsF9nFC6753Xa9E=
      tarball: once/download/once-1.4.0.tgz
  /open/7.0.3:
    dependencies:
      is-docker: 2.0.0
      is-wsl: 2.2.0
    dev: true
    engines:
      node: '>=8'
    resolution:
      integrity: sha1-21UaGvnHq0x69mQTmTCCYThTHEg=
      tarball: open/download/open-7.0.3.tgz
  /path-parse/1.0.6:
    dev: true
    resolution:
      integrity: sha1-1i27VnlAXXLEc37FhgDp3c8G0kw=
      tarball: path-parse/download/path-parse-1.0.6.tgz
  /prettier/2.0.5:
    dev: true
    engines:
      node: '>=10.13.0'
    hasBin: true
    resolution:
      integrity: sha1-1tVigkVSQ/L5LMFxZpLAiqMVItQ=
      tarball: prettier/download/prettier-2.0.5.tgz
  /process-nextick-args/2.0.1:
    dev: true
    resolution:
      integrity: sha1-eCDZsWEgzFXKmud5JoCufbptf+I=
      tarball: process-nextick-args/download/process-nextick-args-2.0.1.tgz
  /psl/1.8.0:
    dev: true
    resolution:
      integrity: sha1-kyb4vPsBOtzABf3/BWrM4CDlHCQ=
      tarball: psl/download/psl-1.8.0.tgz
  /pump/3.0.0:
    dependencies:
      end-of-stream: 1.4.4
      once: 1.4.0
    dev: true
    resolution:
      integrity: sha1-tKIRaBW94vTh6mAjVOjHVWUQemQ=
      tarball: pump/download/pump-3.0.0.tgz
  /punycode/2.1.1:
    dev: true
    engines:
      node: '>=6'
    resolution:
      integrity: sha1-tYsBCsQMIsVldhbI0sLALHv0eew=
      tarball: punycode/download/punycode-2.1.1.tgz
  /readable-stream/2.3.7:
    dependencies:
      core-util-is: 1.0.2
      inherits: 2.0.4
      isarray: 1.0.0
      process-nextick-args: 2.0.1
      safe-buffer: 5.1.2
      string_decoder: 1.1.1
      util-deprecate: 1.0.2
    dev: true
    resolution:
      integrity: sha1-Hsoc9xGu+BTAT2IlKjamL2yyO1c=
      tarball: readable-stream/download/readable-stream-2.3.7.tgz
  /readable-stream/3.6.0:
    dependencies:
      inherits: 2.0.4
      string_decoder: 1.3.0
      util-deprecate: 1.0.2
    dev: true
    engines:
      node: '>= 6'
    resolution:
      integrity: sha1-M3u9o63AcGvT4CRCaihtS0sskZg=
      tarball: readable-stream/download/readable-stream-3.6.0.tgz
  /resolve/1.8.1:
    dependencies:
      path-parse: 1.0.6
    dev: true
    resolution:
      integrity: sha1-gvHsGaQjrB+9CAsLqwa6NuhKeiY=
      tarball: resolve/download/resolve-1.8.1.tgz?cache=0&other_urls=https%3A%2F%2Fregistry.npm.taobao.org%2Fresolve%2Fdownload%2Fresolve-1.8.1.tgz
  /safe-buffer/5.1.2:
    dev: true
    resolution:
      integrity: sha1-mR7GnSluAxN0fVm9/St0XDX4go0=
      tarball: safe-buffer/download/safe-buffer-5.1.2.tgz
  /safe-buffer/5.2.0:
    dev: true
    resolution:
      integrity: sha1-t02uxJsRSPiMZLaNSbHoFcHy9Rk=
      tarball: safe-buffer/download/safe-buffer-5.2.0.tgz
  /select-hose/2.0.0:
    dev: true
    resolution:
      integrity: sha1-Yl2GWPhlr0Psliv8N2o3NZpJlMo=
      tarball: select-hose/download/select-hose-2.0.0.tgz
  /semver/5.3.0:
    dev: true
    hasBin: true
    resolution:
      integrity: sha1-myzl094C0XxgEq0yaqa00M9U+U8=
      tarball: semver/download/semver-5.3.0.tgz
  /source-map/0.6.1:
    dev: true
    engines:
      node: '>=0.10.0'
    resolution:
      integrity: sha1-dHIq8y6WFOnCh6jQu95IteLxomM=
      tarball: source-map/download/source-map-0.6.1.tgz
  /spdy-transport/3.0.0:
    dependencies:
      debug: 4.1.1
      detect-node: 2.0.4
      hpack.js: 2.1.6
      obuf: 1.1.2
      readable-stream: 3.6.0
      wbuf: 1.7.3
    dev: true
    resolution:
      integrity: sha1-ANSGOmQArXXfkzYaFghgXl3NzzE=
      tarball: spdy-transport/download/spdy-transport-3.0.0.tgz
  /spdy/4.0.2:
    dependencies:
      debug: 4.1.1
      handle-thing: 2.0.1
      http-deceiver: 1.2.7
      select-hose: 2.0.0
      spdy-transport: 3.0.0
    dev: true
    engines:
      node: '>=6.0.0'
    resolution:
      integrity: sha1-t09GYgOj7aRSwCSSuR+56EonZ3s=
      tarball: spdy/download/spdy-4.0.2.tgz
  /sprintf-js/1.0.3:
    dev: true
    resolution:
      integrity: sha1-BOaSb2YolTVPPdAVIDYzuFcpfiw=
      tarball: sprintf-js/download/sprintf-js-1.0.3.tgz
  /string_decoder/1.1.1:
    dependencies:
      safe-buffer: 5.1.2
    dev: true
    resolution:
      integrity: sha1-nPFhG6YmhdcDCunkujQUnDrwP8g=
      tarball: string_decoder/download/string_decoder-1.1.1.tgz
  /string_decoder/1.3.0:
    dependencies:
      safe-buffer: 5.2.0
    dev: true
    resolution:
      integrity: sha1-QvEUWUpGzxqOMLCoT1bHjD7awh4=
      tarball: string_decoder/download/string_decoder-1.3.0.tgz
  /throat/5.0.0:
    dev: true
    resolution:
      integrity: sha1-xRmSNYA6rRh1SmZ9ZZtecs4Wdks=
      tarball: throat/download/throat-5.0.0.tgz
  /through2/3.0.1:
    dependencies:
      readable-stream: 3.6.0
    dev: true
    resolution:
      integrity: sha1-OSducTwzAu3544jdnIEt07glvVo=
      tarball: through2/download/through2-3.0.1.tgz
  /timsort/0.3.0:
    dev: true
    resolution:
      integrity: sha1-QFQRqOfmM5/mTbmiNN4R3DHgK9Q=
      tarball: timsort/download/timsort-0.3.0.tgz
  /to-arraybuffer/1.0.1:
    dev: true
    resolution:
      integrity: sha1-fSKbH8xjfkZsoIEYCDanqr/4P0M=
      tarball: to-arraybuffer/download/to-arraybuffer-1.0.1.tgz
  /tough-cookie/3.0.1:
    dependencies:
      ip-regex: 2.1.0
      psl: 1.8.0
      punycode: 2.1.1
    dev: true
    engines:
      node: '>=6'
    resolution:
      integrity: sha1-nfT1fnOcJpMKAYGEiH9K233Kc7I=
      tarball: tough-cookie/download/tough-cookie-3.0.1.tgz
  /tslib/1.11.2:
    dev: true
    resolution:
      integrity: sha1-nHnYMnLJp6rxZvc5Fclmfs3ePMk=
      tarball: tslib/download/tslib-1.11.2.tgz?cache=0&sync_timestamp=1588730286215&other_urls=https%3A%2F%2Fregistry.npm.taobao.org%2Ftslib%2Fdownload%2Ftslib-1.11.2.tgz
  /typescript/3.7.5:
    dev: true
    engines:
      node: '>=4.2.0'
    hasBin: true
    resolution:
      integrity: sha1-BpLiH2X9QQi5MwI4qsEd0uF3oa4=
      tarball: typescript/download/typescript-3.7.5.tgz
  /typescript/3.8.3:
    dev: true
    engines:
      node: '>=4.2.0'
    hasBin: true
    resolution:
      integrity: sha1-QJ64VE6gM1cRIFhp7EWKsQnuEGE=
      tarball: typescript/download/typescript-3.8.3.tgz
  /universalify/0.1.2:
    dev: true
    engines:
      node: '>= 4.0.0'
    resolution:
      integrity: sha1-tkb2m+OULavOzJ1mOcgNwQXvqmY=
      tarball: universalify/download/universalify-0.1.2.tgz
  /util-deprecate/1.0.2:
    dev: true
    resolution:
      integrity: sha1-RQ1Nyfpw3nMnYvvS1KKJgUGaDM8=
      tarball: util-deprecate/download/util-deprecate-1.0.2.tgz
  /validator/8.2.0:
    dev: true
    engines:
      node: '>= 0.10'
    resolution:
      integrity: sha1-PBI3KQ43CSNVNE/veMIxJJ2rd7k=
      tarball: validator/download/validator-8.2.0.tgz
  /wbuf/1.7.3:
    dependencies:
      minimalistic-assert: 1.0.1
    dev: true
    resolution:
      integrity: sha1-wdjRSTFtPqhShIiVy2oL/oh7h98=
      tarball: wbuf/download/wbuf-1.7.3.tgz
  /wrappy/1.0.2:
    dev: true
    resolution:
      integrity: sha1-tSQ9jz7BqjXxNkYFvA0QNuMKtp8=
      tarball: wrappy/download/wrappy-1.0.2.tgz
  /ws/7.2.5:
    dev: true
    engines:
      node: '>=8.3.0'
    peerDependencies:
      bufferutil: ^4.0.1
      utf-8-validate: ^5.0.2
    peerDependenciesMeta:
      bufferutil:
        optional: true
      utf-8-validate:
        optional: true
    resolution:
      integrity: sha1-q7E3DUYmpanNedjeQEqhizRl0Q0=
      tarball: ws/download/ws-7.2.5.tgz
  /z-schema/3.18.4:
    dependencies:
      lodash.get: 4.4.2
      lodash.isequal: 4.5.0
      validator: 8.2.0
    dev: true
    hasBin: true
    optionalDependencies:
      commander: 2.20.3
    resolution:
      integrity: sha1-6oEysnlTPuYL4khaAvfj5CVBqaI=
      tarball: z-schema/download/z-schema-3.18.4.tgz
specifiers:
  '@microsoft/api-extractor': ^7.7.13
  '@types/node': ^13.13.0
  '@types/spdy': ^3.4.4
  '@types/ws': ^7.2.4
  fetch-h2: ^2.4.5
  node-fetch: ^2.6.0
  open: ^7.0.3
  prettier: ^2.0.4
  spdy: ^4.0.2
  tslib: ^1.11.1
  typescript: ^3.8.3
  ws: ^7.2.3
